PODS:
  - Alamofire (4.8.2)
  - GoogleMaps (3.1.0):
    - GoogleMaps/Maps (= 3.1.0)
  - GoogleMaps/Base (3.1.0)
  - GoogleMaps/Maps (3.1.0):
    - GoogleMaps/Base
  - SnapKit (5.0.0)

DEPENDENCIES:
  - Alamofire
  - GoogleMaps
  - SnapKit

SPEC REPOS:
  https://github.com/cocoapods/specs.git:
    - Alamofire
    - GoogleMaps
    - SnapKit

SPEC CHECKSUMS:
  Alamofire: ae5c501addb7afdbb13687d7f2f722c78734c2d3
  GoogleMaps: 5c13302e6fe6bb6e686b267196586b91cd594225
  SnapKit: fd22d10eb9aff484d79a8724eab922c1ddf89bcf

PODFILE CHECKSUM: 5dafde00453c4b3cc472217b490731351da73cd2

COCOAPODS: 1.6.1
